
Microsoft Visual Studio Solution File, Format Version 12.00
# Visual Studio Version 16
VisualStudioVersion = 16.0.31105.61
MinimumVisualStudioVersion = 10.0.40219.1
Project("{FAE04EC0-301F-11D3-BF4B-00C04F79EFBC}") = "RealEstateCatalog", "RealEstateCatalog\RealEstateCatalog.csproj", "{F56F1381-C4BB-4727-A0AF-FFF6EAA99C83}"
EndProject
Global
	GlobalSection(SolutionConfigurationPlatforms) = preSolution
		Debug|Any CPU = Debug|Any CPU
		Release|Any CPU = Release|Any CPU
	EndGlobalSection
	GlobalSection(ProjectConfigurationPlatforms) = postSolution
		{F56F1381-C4BB-4727-A0AF-FFF6EAA99C83}.Debug|Any CPU.ActiveCfg = Debug|Any CPU
		{F56F1381-C4BB-4727-A0AF-FFF6EAA99C83}.Debug|Any CPU.Build.0 = Debug|Any CPU
		{F56F1381-C4BB-4727-A0AF-FFF6EAA99C83}.Release|Any CPU.ActiveCfg = Release|Any CPU
		{F56F1381-C4BB-4727-A0AF-FFF6EAA99C83}.Release|Any CPU.Build.0 = Release|Any CPU
	EndGlobalSection
	GlobalSection(SolutionProperties) = preSolution
		HideSolutionNode = FALSE
	EndGlobalSection
	GlobalSection(ExtensibilityGlobals) = postSolution
		SolutionGuid = {99B37403-CEB0-454B-9171-6E0E771CB60A}
	EndGlobalSection
EndGlobal
